
Microsoft Visual Studio Solution File, Format Version 12.00
# Visual Studio Version 17
VisualStudioVersion = 17.5.33502.453
MinimumVisualStudioVersion = 10.0.40219.1
Project("{FAE04EC0-301F-11D3-BF4B-00C04F79EFBC}") = "Exercicio4", "Exercicio4\Exercicio4.csproj", "{5C64E0EE-08FD-46E3-A531-78B871C556CB}"
EndProject
Global
	GlobalSection(SolutionConfigurationPlatforms) = preSolution
		Debug|Any CPU = Debug|Any CPU
		Release|Any CPU = Release|Any CPU
	EndGlobalSection
	GlobalSection(ProjectConfigurationPlatforms) = postSolution
		{5C64E0EE-08FD-46E3-A531-78B871C556CB}.Debug|Any CPU.ActiveCfg = Debug|Any CPU
		{5C64E0EE-08FD-46E3-A531-78B871C556CB}.Debug|Any CPU.Build.0 = Debug|Any CPU
		{5C64E0EE-08FD-46E3-A531-78B871C556CB}.Release|Any CPU.ActiveCfg = Release|Any CPU
		{5C64E0EE-08FD-46E3-A531-78B871C556CB}.Release|Any CPU.Build.0 = Release|Any CPU
	EndGlobalSection
	GlobalSection(SolutionProperties) = preSolution
		HideSolutionNode = FALSE
	EndGlobalSection
	GlobalSection(ExtensibilityGlobals) = postSolution
		SolutionGuid = {87BDE6E6-6476-4B7D-8757-6D3DC4D52A8B}
	EndGlobalSection
EndGlobal
